
Microsoft Visual Studio Solution File, Format Version 12.00
# Visual Studio Version 17
VisualStudioVersion = 17.4.33205.214
MinimumVisualStudioVersion = 10.0.40219.1
Project("{FAE04EC0-301F-11D3-BF4B-00C04F79EFBC}") = "ProjectKMAIOT", "ProjectKMAIOT\ProjectKMAIOT.csproj", "{04329047-318C-4A08-B79A-71D135B9CB6F}"
EndProject
Global
	GlobalSection(SolutionConfigurationPlatforms) = preSolution
		Debug|Any CPU = Debug|Any CPU
		Release|Any CPU = Release|Any CPU
	EndGlobalSection
	GlobalSection(ProjectConfigurationPlatforms) = postSolution
		{04329047-318C-4A08-B79A-71D135B9CB6F}.Debug|Any CPU.ActiveCfg = Debug|Any CPU
		{04329047-318C-4A08-B79A-71D135B9CB6F}.Debug|Any CPU.Build.0 = Debug|Any CPU
		{04329047-318C-4A08-B79A-71D135B9CB6F}.Release|Any CPU.ActiveCfg = Release|Any CPU
		{04329047-318C-4A08-B79A-71D135B9CB6F}.Release|Any CPU.Build.0 = Release|Any CPU
	EndGlobalSection
	GlobalSection(SolutionProperties) = preSolution
		HideSolutionNode = FALSE
	EndGlobalSection
	GlobalSection(ExtensibilityGlobals) = postSolution
		SolutionGuid = {68C98C62-F568-476C-B17E-9BD4943EC830}
	EndGlobalSection
EndGlobal
